# THIS IS AN AUTOGENERATED FILE. DO NOT EDIT THIS FILE DIRECTLY.
# yarn lockfile v1


CSSOM@danielweck/CSSOM#gh-pages:
  version "0.3.1"
  resolved "https://codeload.github.com/danielweck/CSSOM/tar.gz/1ca01860ea716fa98e069074b4aaee728f793e5f"

FontLoader@smnh/FontLoader:
  version "0.0.2"
  resolved "https://codeload.github.com/smnh/FontLoader/tar.gz/dab9c9ba20f98016dbc77bea56220efcfa254352"

async@0.9.0:
  version "0.9.0"
  resolved "https://registry.yarnpkg.com/async/-/async-0.9.0.tgz#ac3613b1da9bed1b47510bb4651b8931e47146c7"

backbone@latest:
  version "1.3.3"
  resolved "https://registry.yarnpkg.com/backbone/-/backbone-1.3.3.tgz#4cc80ea7cb1631ac474889ce40f2f8bc683b2999"
  dependencies:
    underscore ">=1.8.3"

colors@1.0.3:
  version "1.0.3"
  resolved "https://registry.yarnpkg.com/colors/-/colors-1.0.3.tgz#0433f44d809680fdeb60ed260f1b0c262e82a40b"

corser@~2.0.0:
  version "2.0.1"
  resolved "https://registry.yarnpkg.com/corser/-/corser-2.0.1.tgz#8eda252ecaab5840dcd975ceb90d9370c819ff87"

domReady@requirejs/domReady:
  version "2.0.1"
  resolved "https://codeload.github.com/requirejs/domReady/tar.gz/d85bdc38a6df868ead52ab3e80715aaf60e68765"

ecstatic@^2.0.0:
  version "2.1.0"
  resolved "https://registry.yarnpkg.com/ecstatic/-/ecstatic-2.1.0.tgz#477a4a6b25cecb112f697dbd2c7fa354154ea6be"
  dependencies:
    he "^0.5.0"
    mime "^1.2.11"
    minimist "^1.1.0"
    url-join "^1.0.0"

es6-collections@latest:
  version "0.5.6"
  resolved "https://registry.yarnpkg.com/es6-collections/-/es6-collections-0.5.6.tgz#5552e800ad12c1820cda2bd4a79ae7dbb03d89a2"

eventemitter3@1.x.x:
  version "1.2.0"
  resolved "https://registry.yarnpkg.com/eventemitter3/-/eventemitter3-1.2.0.tgz#1c86991d816ad1e504750e73874224ecf3bec508"

eventemitter3@latest:
  version "2.0.2"
  resolved "https://registry.yarnpkg.com/eventemitter3/-/eventemitter3-2.0.2.tgz#20ce4891909ce9f35b088c94fab40e2c96f473ac"

he@^0.5.0:
  version "0.5.0"
  resolved "https://registry.yarnpkg.com/he/-/he-0.5.0.tgz#2c05ffaef90b68e860f3fd2b54ef580989277ee2"

http-proxy@^1.8.1:
  version "1.16.2"
  resolved "https://registry.yarnpkg.com/http-proxy/-/http-proxy-1.16.2.tgz#06dff292952bf64dbe8471fa9df73066d4f37742"
  dependencies:
    eventemitter3 "1.x.x"
    requires-port "1.x.x"

http-server@danielweck/http-server:
  version "0.9.0"
  resolved "https://codeload.github.com/danielweck/http-server/tar.gz/893e80001c9813bbe577c10aa24703e2c9eb9a7d"
  dependencies:
    colors "1.0.3"
    corser "~2.0.0"
    ecstatic "^2.0.0"
    http-proxy "^1.8.1"
    opener "~1.4.0"
    optimist "0.6.x"
    portfinder "0.4.x"
    union "~0.4.3"

jquery-sizes@bramstein/jsizes:
  version "0.33.0"
  resolved "https://codeload.github.com/bramstein/jsizes/tar.gz/4ef9284f30c9cd859a67afb10dd824fa1cc46685"
  dependencies:
    jquery latest

jquery@latest:
  version "3.1.1"
  resolved "https://registry.yarnpkg.com/jquery/-/jquery-3.1.1.tgz#347c1c21c7e004115e0a4da32cece041fad3c8a3"

mime@^1.2.11:
  version "1.3.4"
  resolved "https://registry.yarnpkg.com/mime/-/mime-1.3.4.tgz#115f9e3b6b3daf2959983cb38f149a2d40eb5d53"

minimist@0.0.8:
  version "0.0.8"
  resolved "https://registry.yarnpkg.com/minimist/-/minimist-0.0.8.tgz#857fcabfc3397d2625b8228262e86aa7a011b05d"

minimist@^1.1.0:
  version "1.2.0"
  resolved "https://registry.yarnpkg.com/minimist/-/minimist-1.2.0.tgz#a35008b20f41383eec1fb914f4cd5df79a264284"

minimist@~0.0.1:
  version "0.0.10"
  resolved "https://registry.yarnpkg.com/minimist/-/minimist-0.0.10.tgz#de3f98543dbf96082be48ad1a0c7cda836301dcf"

mkdirp@0.5.x:
  version "0.5.1"
  resolved "https://registry.yarnpkg.com/mkdirp/-/mkdirp-0.5.1.tgz#30057438eac6cf7f8c4767f38648d6697d75c903"
  dependencies:
    minimist "0.0.8"

opener@latest, opener@~1.4.0:
  version "1.4.2"
  resolved "https://registry.yarnpkg.com/opener/-/opener-1.4.2.tgz#b32582080042af8680c389a499175b4c54fff523"

optimist@0.6.x:
  version "0.6.1"
  resolved "https://registry.yarnpkg.com/optimist/-/optimist-0.6.1.tgz#da3ea74686fa21a19a111c326e90eb15a0196686"
  dependencies:
    minimist "~0.0.1"
    wordwrap "~0.0.2"

parallelshell@latest:
  version "2.0.0"
  resolved "https://registry.yarnpkg.com/parallelshell/-/parallelshell-2.0.0.tgz#c94af5d6348526a26da9020faeb5fc724a80600c"

portfinder@0.4.x:
  version "0.4.0"
  resolved "https://registry.yarnpkg.com/portfinder/-/portfinder-0.4.0.tgz#a3ffadffafe4fb98e0601a85eda27c27ce84ca1e"
  dependencies:
    async "0.9.0"
    mkdirp "0.5.x"

qs@~2.3.3:
  version "2.3.3"
  resolved "https://registry.yarnpkg.com/qs/-/qs-2.3.3.tgz#e9e85adbe75da0bbe4c8e0476a086290f863b404"

requires-port@1.x.x:
  version "1.0.0"
  resolved "https://registry.yarnpkg.com/requires-port/-/requires-port-1.0.0.tgz#925d2601d39ac485e091cf0da5c6e694dc3dcaff"

underscore@>=1.8.3, underscore@latest:
  version "1.8.3"
  resolved "https://registry.yarnpkg.com/underscore/-/underscore-1.8.3.tgz#4f3fb53b106e6097fcf9cb4109f2a5e9bdfa5022"

union@~0.4.3:
  version "0.4.6"
  resolved "https://registry.yarnpkg.com/union/-/union-0.4.6.tgz#198fbdaeba254e788b0efcb630bc11f24a2959e0"
  dependencies:
    qs "~2.3.3"

urijs@danielweck/URI.js:
  version "1.18.4"
  resolved "https://codeload.github.com/danielweck/URI.js/tar.gz/2d75886f7213b2cb35467c018aa42a7fc201d373"

url-join@^1.0.0:
  version "1.1.0"
  resolved "https://registry.yarnpkg.com/url-join/-/url-join-1.1.0.tgz#741c6c2f4596c4830d6718460920d0c92202dc78"

wordwrap@~0.0.2:
  version "0.0.3"
  resolved "https://registry.yarnpkg.com/wordwrap/-/wordwrap-0.0.3.tgz#a3d5da6cd5c0bc0008d37234bbaf1bed63059107"
